<?xml version="1.0" encoding="utf-8"?>
<Project ToolsVersion="4.0" xmlns="http://schemas.microsoft.com/developer/msbuild/2003">
  <ItemGroup>
    <Filter Include="Source Files">
      <UniqueIdentifier>{4FC737F1-C7A5-4376-A066-2A32D752A2FF}</UniqueIdentifier>
      <Extensions>cpp;c;cc;cxx;c++;cppm;ixx;def;odl;idl;hpj;bat;asm;asmx</Extensions>
    </Filter>
    <Filter Include="Header Files">
      <UniqueIdentifier>{93995380-89BD-4b04-88EB-625FBE52EBFB}</UniqueIdentifier>
      <Extensions>h;hh;hpp;hxx;h++;hm;inl;inc;ipp;xsd</Extensions>
    </Filter>
    <Filter Include="Resource Files">
      <UniqueIdentifier>{67DA6AB6-F800-4c08-8B7A-83BB121AAD01}</UniqueIdentifier>
      <Extensions>rc;ico;cur;bmp;dlg;rc2;rct;bin;rgs;gif;jpg;jpeg;jpe;resx;tiff;tif;png;wav;mfcribbon-ms</Extensions>
    </Filter>
    <Filter Include="data">
      <UniqueIdentifier>{5cf7ec37-088a-43ae-93b4-01508641fec6}</UniqueIdentifier>
    </Filter>
    <Filter Include="docs">
      <UniqueIdentifier>{b75c211d-86b2-4ad3-a060-5e9d711f8e91}</UniqueIdentifier>
    </Filter>
    <Filter Include="external">
      <UniqueIdentifier>{56859d16-e13c-4276-a4a6-3d1d98fefc48}</UniqueIdentifier>
    </Filter>
  </ItemGroup>
  <ItemGroup>
    <ClInclude Include="include\DNAUtils.h">
      <Filter>Header Files</Filter>
    </ClInclude>
    <ClInclude Include="include\KmerAnalyzer.h">
      <Filter>Header Files</Filter>
    </ClInclude>
    <ClInclude Include="include\Menu.h">
      <Filter>Header Files</Filter>
    </ClInclude>
    <ClInclude Include="include\PatternSearch.h">
      <Filter>Header Files</Filter>
    </ClInclude>
    <ClInclude Include="include\SequenceLoader.h">
      <Filter>Header Files</Filter>
    </ClInclude>
    <ClInclude Include="include\OperationHistory.h">
      <Filter>Header Files</Filter>
    </ClInclude>
    <ClInclude Include="include\KmerBST.h">
      <Filter>Header Files</Filter>
    </ClInclude>
  </ItemGroup>
  <ItemGroup>
    <ClCompile Include="src\DNAUtils.cpp">
      <Filter>Source Files</Filter>
    </ClCompile>
    <ClCompile Include="src\KmerAnalyzer.cpp">
      <Filter>Source Files</Filter>
    </ClCompile>
    <ClCompile Include="src\main.cpp">
      <Filter>Source Files</Filter>
    </ClCompile>
    <ClCompile Include="src\Menu.cpp">
      <Filter>Source Files</Filter>
    </ClCompile>
    <ClCompile Include="src\PatternSearch.cpp">
      <Filter>Source Files</Filter>
    </ClCompile>
    <ClCompile Include="src\SequenceLoader.cpp">
      <Filter>Source Files</Filter>
    </ClCompile>
    <ClCompile Include="src\OperationHistory.cpp">
      <Filter>Source Files</Filter>
    </ClCompile>
    <ClCompile Include="src\KmerBST.cpp">
      <Filter>Source Files</Filter>
    </ClCompile>
  </ItemGroup>
  <ItemGroup>
    <None Include="x64\Debug\1.fasta" />
    <None Include="x64\Debug\2.fasta" />
    <None Include="x64\Debug\3.fasta" />
    <None Include="x64\Debug\4.fasta" />
    <None Include="x64\Debug\5.fasta" />
    <None Include="x64\Debug\6.fasta" />
    <None Include="x64\Debug\7.fasta" />
    <None Include="x64\Debug\8.fasta" />
    <None Include="x64\Debug\9.fasta" />
    <None Include="x64\Debug\10.fasta" />
    <None Include="x64\Debug\11.fasta" />
    <None Include="x64\Debug\12.fasta" />
    <None Include="x64\Debug\13.fasta" />
    <None Include="x64\Debug\14.fasta" />
    <None Include="x64\Debug\15.fasta" />
    <None Include="x64\Debug\16.fasta" />
    <None Include="x64\Debug\17.fasta" />
    <None Include="x64\Debug\18.fasta" />
    <None Include="x64\Debug\19.fasta" />
    <None Include="x64\Debug\20.fasta" />
    <None Include="x64\Debug\21.fasta" />
    <None Include="x64\Debug\22.fasta" />
    <None Include="x64\Debug\X.fasta" />
    <None Include="x64\Debug\Y.fasta" />
  </ItemGroup>
</Project>